// !$*UTF8*$!
{
	archiveVersion = 1;
	classes = {
	};
	objectVersion = 46;
	objects = {

/* Begin PBXBuildFile section */
		010358AD1DF2DE03002538B6 /* AKMaskFieldBrackets.swift in Sources */ = {isa = PBXBuildFile; fileRef = 010358AC1DF2DE03002538B6 /* AKMaskFieldBrackets.swift */; };
		010F960E1DF2BFB000321C94 /* AKMaskField.h in Headers */ = {isa = PBXBuildFile; fileRef = 010F960C1DF2BFB000321C94 /* AKMaskField.h */; settings = {ATTRIBUTES = (Public, ); }; };
		010F96111DF2BFB000321C94 /* AKMaskField.framework in Frameworks */ = {isa = PBXBuildFile; fileRef = 010F960A1DF2BFB000321C94 /* AKMaskField.framework */; };
		010F96121DF2BFB000321C94 /* AKMaskField.framework in Embed Frameworks */ = {isa = PBXBuildFile; fileRef = 010F960A1DF2BFB000321C94 /* AKMaskField.framework */; settings = {ATTRIBUTES = (CodeSignOnCopy, RemoveHeadersOnCopy, ); }; };
		010F961E1DF2C04B00321C94 /* AKMaskField.swift in Sources */ = {isa = PBXBuildFile; fileRef = 010F96171DF2C04B00321C94 /* AKMaskField.swift */; };
		010F961F1DF2C04B00321C94 /* AKMaskFieldBlock.swift in Sources */ = {isa = PBXBuildFile; fileRef = 010F96181DF2C04B00321C94 /* AKMaskFieldBlock.swift */; };
		010F96201DF2C04B00321C94 /* AKMaskFieldBlockCharacter.swift in Sources */ = {isa = PBXBuildFile; fileRef = 010F96191DF2C04B00321C94 /* AKMaskFieldBlockCharacter.swift */; };
		010F96211DF2C04B00321C94 /* AKMaskFieldEvent.swift in Sources */ = {isa = PBXBuildFile; fileRef = 010F961A1DF2C04B00321C94 /* AKMaskFieldEvent.swift */; };
		010F96221DF2C04B00321C94 /* AKMaskFieldPatternCharacter.swift in Sources */ = {isa = PBXBuildFile; fileRef = 010F961B1DF2C04B00321C94 /* AKMaskFieldPatternCharacter.swift */; };
		010F96231DF2C04B00321C94 /* AKMaskFieldStatus.swift in Sources */ = {isa = PBXBuildFile; fileRef = 010F961C1DF2C04B00321C94 /* AKMaskFieldStatus.swift */; };
		010F96241DF2C04B00321C94 /* AKMaskFieldUtility.swift in Sources */ = {isa = PBXBuildFile; fileRef = 010F961D1DF2C04B00321C94 /* AKMaskFieldUtility.swift */; };
		01959A191DF1BA7700C9E359 /* AppDelegate.swift in Sources */ = {isa = PBXBuildFile; fileRef = 01959A181DF1BA7700C9E359 /* AppDelegate.swift */; };
		01959A1E1DF1BA7700C9E359 /* Main.storyboard in Resources */ = {isa = PBXBuildFile; fileRef = 01959A1C1DF1BA7700C9E359 /* Main.storyboard */; };
		01959A201DF1BA7700C9E359 /* Assets.xcassets in Resources */ = {isa = PBXBuildFile; fileRef = 01959A1F1DF1BA7700C9E359 /* Assets.xcassets */; };
		01959A231DF1BA7700C9E359 /* LaunchScreen.storyboard in Resources */ = {isa = PBXBuildFile; fileRef = 01959A211DF1BA7700C9E359 /* LaunchScreen.storyboard */; };
		01959A2E1DF1BCC700C9E359 /* ViewController.swift in Sources */ = {isa = PBXBuildFile; fileRef = 01959A2D1DF1BCC700C9E359 /* ViewController.swift */; };
		01959A411DF1C0F700C9E359 /* fontawesome-webfont.ttf in Resources */ = {isa = PBXBuildFile; fileRef = 01959A401DF1C0F700C9E359 /* fontawesome-webfont.ttf */; };
/* End PBXBuildFile section */

/* Begin PBXContainerItemProxy section */
		010F960F1DF2BFB000321C94 /* PBXContainerItemProxy */ = {
			isa = PBXContainerItemProxy;
			containerPortal = 437112F31A4B22EF00FF6252 /* Project object */;
			proxyType = 1;
			remoteGlobalIDString = 010F96091DF2BFB000321C94;
			remoteInfo = AKMaskField;
		};
/* End PBXContainerItemProxy section */

/* Begin PBXCopyFilesBuildPhase section */
		01959A2C1DF1BAB900C9E359 /* Embed Frameworks */ = {
			isa = PBXCopyFilesBuildPhase;
			buildActionMask = 2147483647;
			dstPath = "";
			dstSubfolderSpec = 10;
			files = (
				010F96121DF2BFB000321C94 /* AKMaskField.framework in Embed Frameworks */,
			);
			name = "Embed Frameworks";
			runOnlyForDeploymentPostprocessing = 0;
		};
/* End PBXCopyFilesBuildPhase section */

/* Begin PBXFileReference section */
		010358AC1DF2DE03002538B6 /* AKMaskFieldBrackets.swift */ = {isa = PBXFileReference; fileEncoding = 4; lastKnownFileType = sourcecode.swift; path = AKMaskFieldBrackets.swift; sourceTree = "<group>"; };
		010F960A1DF2BFB000321C94 /* AKMaskField.framework */ = {isa = PBXFileReference; explicitFileType = wrapper.framework; includeInIndex = 0; path = AKMaskField.framework; sourceTree = BUILT_PRODUCTS_DIR; };
		010F960C1DF2BFB000321C94 /* AKMaskField.h */ = {isa = PBXFileReference; lastKnownFileType = sourcecode.c.h; path = AKMaskField.h; sourceTree = "<group>"; };
		010F960D1DF2BFB000321C94 /* Info.plist */ = {isa = PBXFileReference; lastKnownFileType = text.plist.xml; path = Info.plist; sourceTree = "<group>"; };
		010F96171DF2C04B00321C94 /* AKMaskField.swift */ = {isa = PBXFileReference; fileEncoding = 4; lastKnownFileType = sourcecode.swift; path = AKMaskField.swift; sourceTree = "<group>"; };
		010F96181DF2C04B00321C94 /* AKMaskFieldBlock.swift */ = {isa = PBXFileReference; fileEncoding = 4; lastKnownFileType = sourcecode.swift; path = AKMaskFieldBlock.swift; sourceTree = "<group>"; };
		010F96191DF2C04B00321C94 /* AKMaskFieldBlockCharacter.swift */ = {isa = PBXFileReference; fileEncoding = 4; lastKnownFileType = sourcecode.swift; path = AKMaskFieldBlockCharacter.swift; sourceTree = "<group>"; };
		010F961A1DF2C04B00321C94 /* AKMaskFieldEvent.swift */ = {isa = PBXFileReference; fileEncoding = 4; lastKnownFileType = sourcecode.swift; path = AKMaskFieldEvent.swift; sourceTree = "<group>"; };
		010F961B1DF2C04B00321C94 /* AKMaskFieldPatternCharacter.swift */ = {isa = PBXFileReference; fileEncoding = 4; lastKnownFileType = sourcecode.swift; path = AKMaskFieldPatternCharacter.swift; sourceTree = "<group>"; };
		010F961C1DF2C04B00321C94 /* AKMaskFieldStatus.swift */ = {isa = PBXFileReference; fileEncoding = 4; lastKnownFileType = sourcecode.swift; path = AKMaskFieldStatus.swift; sourceTree = "<group>"; };
		010F961D1DF2C04B00321C94 /* AKMaskFieldUtility.swift */ = {isa = PBXFileReference; fileEncoding = 4; lastKnownFileType = sourcecode.swift; path = AKMaskFieldUtility.swift; sourceTree = "<group>"; };
		01959A161DF1BA7700C9E359 /* AKMaskFieldExample.app */ = {isa = PBXFileReference; explicitFileType = wrapper.application; includeInIndex = 0; path = AKMaskFieldExample.app; sourceTree = BUILT_PRODUCTS_DIR; };
		01959A181DF1BA7700C9E359 /* AppDelegate.swift */ = {isa = PBXFileReference; lastKnownFileType = sourcecode.swift; path = AppDelegate.swift; sourceTree = "<group>"; };
		01959A1D1DF1BA7700C9E359 /* Base */ = {isa = PBXFileReference; lastKnownFileType = file.storyboard; name = Base; path = Base.lproj/Main.storyboard; sourceTree = "<group>"; };
		01959A1F1DF1BA7700C9E359 /* Assets.xcassets */ = {isa = PBXFileReference; lastKnownFileType = folder.assetcatalog; path = Assets.xcassets; sourceTree = "<group>"; };
		01959A221DF1BA7700C9E359 /* Base */ = {isa = PBXFileReference; lastKnownFileType = file.storyboard; name = Base; path = Base.lproj/LaunchScreen.storyboard; sourceTree = "<group>"; };
		01959A241DF1BA7700C9E359 /* Info.plist */ = {isa = PBXFileReference; lastKnownFileType = text.plist.xml; path = Info.plist; sourceTree = "<group>"; };
		01959A2D1DF1BCC700C9E359 /* ViewController.swift */ = {isa = PBXFileReference; fileEncoding = 4; lastKnownFileType = sourcecode.swift; path = ViewController.swift; sourceTree = "<group>"; };
		01959A401DF1C0F700C9E359 /* fontawesome-webfont.ttf */ = {isa = PBXFileReference; lastKnownFileType = file; path = "fontawesome-webfont.ttf"; sourceTree = "<group>"; };
/* End PBXFileReference section */

/* Begin PBXFrameworksBuildPhase section */
		010F96061DF2BFB000321C94 /* Frameworks */ = {
			isa = PBXFrameworksBuildPhase;
			buildActionMask = 2147483647;
			files = (
			);
			runOnlyForDeploymentPostprocessing = 0;
		};
		01959A131DF1BA7700C9E359 /* Frameworks */ = {
			isa = PBXFrameworksBuildPhase;
			buildActionMask = 2147483647;
			files = (
				010F96111DF2BFB000321C94 /* AKMaskField.framework in Frameworks */,
			);
			runOnlyForDeploymentPostprocessing = 0;
		};
/* End PBXFrameworksBuildPhase section */

/* Begin PBXGroup section */
		010F960B1DF2BFB000321C94 /* AKMaskField */ = {
			isa = PBXGroup;
			children = (
				010F96171DF2C04B00321C94 /* AKMaskField.swift */,
				010F96181DF2C04B00321C94 /* AKMaskFieldBlock.swift */,
				010F96191DF2C04B00321C94 /* AKMaskFieldBlockCharacter.swift */,
				010358AC1DF2DE03002538B6 /* AKMaskFieldBrackets.swift */,
				010F961A1DF2C04B00321C94 /* AKMaskFieldEvent.swift */,
				010F961B1DF2C04B00321C94 /* AKMaskFieldPatternCharacter.swift */,
				010F961C1DF2C04B00321C94 /* AKMaskFieldStatus.swift */,
				010F961D1DF2C04B00321C94 /* AKMaskFieldUtility.swift */,
				010F96161DF2C03C00321C94 /* Supporting Files */,
			);
			path = AKMaskField;
			sourceTree = "<group>";
		};
		010F96161DF2C03C00321C94 /* Supporting Files */ = {
			isa = PBXGroup;
			children = (
				010F960C1DF2BFB000321C94 /* AKMaskField.h */,
				010F960D1DF2BFB000321C94 /* Info.plist */,
			);
			name = "Supporting Files";
			sourceTree = "<group>";
		};
		01959A171DF1BA7700C9E359 /* AKMaskFieldExample */ = {
			isa = PBXGroup;
			children = (
				01959A181DF1BA7700C9E359 /* AppDelegate.swift */,
				01959A2D1DF1BCC700C9E359 /* ViewController.swift */,
				01959A1C1DF1BA7700C9E359 /* Main.storyboard */,
				01959A401DF1C0F700C9E359 /* fontawesome-webfont.ttf */,
				01959A1F1DF1BA7700C9E359 /* Assets.xcassets */,
				01959A211DF1BA7700C9E359 /* LaunchScreen.storyboard */,
				01959A241DF1BA7700C9E359 /* Info.plist */,
			);
			path = AKMaskFieldExample;
			sourceTree = "<group>";
		};
		437112F21A4B22EF00FF6252 = {
			isa = PBXGroup;
			children = (
				010F960B1DF2BFB000321C94 /* AKMaskField */,
				01959A171DF1BA7700C9E359 /* AKMaskFieldExample */,
				437112FC1A4B22EF00FF6252 /* Products */,
			);
			sourceTree = "<group>";
		};
		437112FC1A4B22EF00FF6252 /* Products */ = {
			isa = PBXGroup;
			children = (
				01959A161DF1BA7700C9E359 /* AKMaskFieldExample.app */,
				010F960A1DF2BFB000321C94 /* AKMaskField.framework */,
			);
			name = Products;
			sourceTree = "<group>";
		};
/* End PBXGroup section */

/* Begin PBXHeadersBuildPhase section */
		010F96071DF2BFB000321C94 /* Headers */ = {
			isa = PBXHeadersBuildPhase;
			buildActionMask = 2147483647;
			files = (
				010F960E1DF2BFB000321C94 /* AKMaskField.h in Headers */,
			);
			runOnlyForDeploymentPostprocessing = 0;
		};
/* End PBXHeadersBuildPhase section */

/* Begin PBXNativeTarget section */
		010F96091DF2BFB000321C94 /* AKMaskField */ = {
			isa = PBXNativeTarget;
			buildConfigurationList = 010F96131DF2BFB000321C94 /* Build configuration list for PBXNativeTarget "AKMaskField" */;
			buildPhases = (
				010F96051DF2BFB000321C94 /* Sources */,
				010F96061DF2BFB000321C94 /* Frameworks */,
				010F96071DF2BFB000321C94 /* Headers */,
				010F96081DF2BFB000321C94 /* Resources */,
			);
			buildRules = (
			);
			dependencies = (
			);
			name = AKMaskField;
			productName = AKMaskField;
			productReference = 010F960A1DF2BFB000321C94 /* AKMaskField.framework */;
			productType = "com.apple.product-type.framework";
		};
		01959A151DF1BA7700C9E359 /* AKMaskFieldExample */ = {
			isa = PBXNativeTarget;
			buildConfigurationList = 01959A251DF1BA7700C9E359 /* Build configuration list for PBXNativeTarget "AKMaskFieldExample" */;
			buildPhases = (
				01959A121DF1BA7700C9E359 /* Sources */,
				01959A131DF1BA7700C9E359 /* Frameworks */,
				01959A141DF1BA7700C9E359 /* Resources */,
				01959A2C1DF1BAB900C9E359 /* Embed Frameworks */,
			);
			buildRules = (
			);
			dependencies = (
				010F96101DF2BFB000321C94 /* PBXTargetDependency */,
			);
			name = AKMaskFieldExample;
			productName = AKMaskFieldExample;
			productReference = 01959A161DF1BA7700C9E359 /* AKMaskFieldExample.app */;
			productType = "com.apple.product-type.application";
		};
/* End PBXNativeTarget section */

/* Begin PBXProject section */
		437112F31A4B22EF00FF6252 /* Project object */ = {
			isa = PBXProject;
			attributes = {
				LastSwiftMigration = 0700;
				LastSwiftUpdateCheck = 0810;
				LastUpgradeCheck = 0800;
				ORGANIZATIONNAME = "Artem Krachulov";
				TargetAttributes = {
					010F96091DF2BFB000321C94 = {
						CreatedOnToolsVersion = 8.1;
						LastSwiftMigration = 0810;
						ProvisioningStyle = Manual;
					};
					01959A151DF1BA7700C9E359 = {
						CreatedOnToolsVersion = 8.1;
						ProvisioningStyle = Automatic;
					};
				};
			};
			buildConfigurationList = 437112F61A4B22EF00FF6252 /* Build configuration list for PBXProject "AKMaskField" */;
			compatibilityVersion = "Xcode 3.2";
			developmentRegion = English;
			hasScannedForEncodings = 0;
			knownRegions = (
				English,
				en,
				Base,
			);
			mainGroup = 437112F21A4B22EF00FF6252;
			productRefGroup = 437112FC1A4B22EF00FF6252 /* Products */;
			projectDirPath = "";
			projectRoot = "";
			targets = (
				010F96091DF2BFB000321C94 /* AKMaskField */,
				01959A151DF1BA7700C9E359 /* AKMaskFieldExample */,
			);
		};
/* End PBXProject section */

/* Begin PBXResourcesBuildPhase section */
		010F96081DF2BFB000321C94 /* Resources */ = {
			isa = PBXResourcesBuildPhase;
			buildActionMask = 2147483647;
			files = (
			);
			runOnlyForDeploymentPostprocessing = 0;
		};
		01959A141DF1BA7700C9E359 /* Resources */ = {
			isa = PBXResourcesBuildPhase;
			buildActionMask = 2147483647;
			files = (
				01959A231DF1BA7700C9E359 /* LaunchScreen.storyboard in Resources */,
				01959A411DF1C0F700C9E359 /* fontawesome-webfont.ttf in Resources */,
				01959A201DF1BA7700C9E359 /* Assets.xcassets in Resources */,
				01959A1E1DF1BA7700C9E359 /* Main.storyboard in Resources */,
			);
			runOnlyForDeploymentPostprocessing = 0;
		};
/* End PBXResourcesBuildPhase section */

/* Begin PBXSourcesBuildPhase section */
		010F96051DF2BFB000321C94 /* Sources */ = {
			isa = PBXSourcesBuildPhase;
			buildActionMask = 2147483647;
			files = (
				010F961F1DF2C04B00321C94 /* AKMaskFieldBlock.swift in Sources */,
				010F961E1DF2C04B00321C94 /* AKMaskField.swift in Sources */,
				010F96201DF2C04B00321C94 /* AKMaskFieldBlockCharacter.swift in Sources */,
				010F96241DF2C04B00321C94 /* AKMaskFieldUtility.swift in Sources */,
				010F96221DF2C04B00321C94 /* AKMaskFieldPatternCharacter.swift in Sources */,
				010F96231DF2C04B00321C94 /* AKMaskFieldStatus.swift in Sources */,
				010F96211DF2C04B00321C94 /* AKMaskFieldEvent.swift in Sources */,
				010358AD1DF2DE03002538B6 /* AKMaskFieldBrackets.swift in Sources */,
			);
			runOnlyForDeploymentPostprocessing = 0;
		};
		01959A121DF1BA7700C9E359 /* Sources */ = {
			isa = PBXSourcesBuildPhase;
			buildActionMask = 2147483647;
			files = (
				01959A2E1DF1BCC700C9E359 /* ViewController.swift in Sources */,
				01959A191DF1BA7700C9E359 /* AppDelegate.swift in Sources */,
			);
			runOnlyForDeploymentPostprocessing = 0;
		};
/* End PBXSourcesBuildPhase section */

/* Begin PBXTargetDependency section */
		010F96101DF2BFB000321C94 /* PBXTargetDependency */ = {
			isa = PBXTargetDependency;
			target = 010F96091DF2BFB000321C94 /* AKMaskField */;
			targetProxy = 010F960F1DF2BFB000321C94 /* PBXContainerItemProxy */;
		};
/* End PBXTargetDependency section */

/* Begin PBXVariantGroup section */
		01959A1C1DF1BA7700C9E359 /* Main.storyboard */ = {
			isa = PBXVariantGroup;
			children = (
				01959A1D1DF1BA7700C9E359 /* Base */,
			);
			name = Main.storyboard;
			sourceTree = "<group>";
		};
		01959A211DF1BA7700C9E359 /* LaunchScreen.storyboard */ = {
			isa = PBXVariantGroup;
			children = (
				01959A221DF1BA7700C9E359 /* Base */,
			);
			name = LaunchScreen.storyboard;
			sourceTree = "<group>";
		};
/* End PBXVariantGroup section */

/* Begin XCBuildConfiguration section */
		010F96141DF2BFB000321C94 /* Debug */ = {
			isa = XCBuildConfiguration;
			buildSettings = {
				APPLICATION_EXTENSION_API_ONLY = YES;
				CLANG_ANALYZER_NONNULL = YES;
				CLANG_ENABLE_MODULES = YES;
				CLANG_WARN_DOCUMENTATION_COMMENTS = YES;
				CLANG_WARN_SUSPICIOUS_MOVES = YES;
				CODE_SIGN_IDENTITY = "iPhone Developer";
				"CODE_SIGN_IDENTITY[sdk=iphoneos*]" = "iPhone Developer";
				CURRENT_PROJECT_VERSION = 1;
				DEBUG_INFORMATION_FORMAT = dwarf;
				DEFINES_MODULE = YES;
				DEVELOPMENT_TEAM = "";
				DYLIB_COMPATIBILITY_VERSION = 1;
				DYLIB_CURRENT_VERSION = 1;
				DYLIB_INSTALL_NAME_BASE = "@rpath";
				INFOPLIST_FILE = AKMaskField/Info.plist;
				INSTALL_PATH = "$(LOCAL_LIBRARY_DIR)/Frameworks";
				IPHONEOS_DEPLOYMENT_TARGET = 8.0;
				LD_RUNPATH_SEARCH_PATHS = "$(inherited) @executable_path/Frameworks @loader_path/Frameworks";
				PRODUCT_BUNDLE_IDENTIFIER = com.artemkrachulov.AKMaskField;
				PRODUCT_NAME = "$(TARGET_NAME)";
				SKIP_INSTALL = YES;
				SWIFT_ACTIVE_COMPILATION_CONDITIONS = DEBUG;
				SWIFT_OPTIMIZATION_LEVEL = "-Onone";
				SWIFT_VERSION = 5.0;
				VERSIONING_SYSTEM = "apple-generic";
				VERSION_INFO_PREFIX = "";
			};
			name = Debug;
		};
		010F96151DF2BFB000321C94 /* Release */ = {
			isa = XCBuildConfiguration;
			buildSettings = {
				APPLICATION_EXTENSION_API_ONLY = YES;
				CLANG_ANALYZER_NONNULL = YES;
				CLANG_ENABLE_MODULES = YES;
				CLANG_WARN_DOCUMENTATION_COMMENTS = YES;
				CLANG_WARN_SUSPICIOUS_MOVES = YES;
				CODE_SIGN_IDENTITY = "iPhone Developer";
				"CODE_SIGN_IDENTITY[sdk=iphoneos*]" = "iPhone Developer";
				COPY_PHASE_STRIP = NO;
				CURRENT_PROJECT_VERSION = 1;
				DEBUG_INFORMATION_FORMAT = "dwarf-with-dsym";
				DEFINES_MODULE = YES;
				DEVELOPMENT_TEAM = "";
				DYLIB_COMPATIBILITY_VERSION = 1;
				DYLIB_CURRENT_VERSION = 1;
				DYLIB_INSTALL_NAME_BASE = "@rpath";
				INFOPLIST_FILE = AKMaskField/Info.plist;
				INSTALL_PATH = "$(LOCAL_LIBRARY_DIR)/Frameworks";
				IPHONEOS_DEPLOYMENT_TARGET = 8.0;
				LD_RUNPATH_SEARCH_PATHS = "$(inherited) @executable_path/Frameworks @loader_path/Frameworks";
				PRODUCT_BUNDLE_IDENTIFIER = com.artemkrachulov.AKMaskField;
				PRODUCT_NAME = "$(TARGET_NAME)";
				SKIP_INSTALL = YES;
				SWIFT_OPTIMIZATION_LEVEL = "-Owholemodule";
				SWIFT_VERSION = 5.0;
				VERSIONING_SYSTEM = "apple-generic";
				VERSION_INFO_PREFIX = "";
			};
			name = Release;
		};
		01959A261DF1BA7700C9E359 /* Debug */ = {
			isa = XCBuildConfiguration;
			buildSettings = {
				ALWAYS_EMBED_SWIFT_STANDARD_LIBRARIES = YES;
				ASSETCATALOG_COMPILER_APPICON_NAME = AppIcon;
				CLANG_ANALYZER_NONNULL = YES;
				CLANG_WARN_DOCUMENTATION_COMMENTS = YES;
				CLANG_WARN_SUSPICIOUS_MOVES = YES;
				CODE_SIGN_IDENTITY = "iPhone Developer";
				"CODE_SIGN_IDENTITY[sdk=iphoneos*]" = "iPhone Developer";
				DEBUG_INFORMATION_FORMAT = dwarf;
				DEVELOPMENT_TEAM = "";
				INFOPLIST_FILE = AKMaskFieldExample/Info.plist;
				IPHONEOS_DEPLOYMENT_TARGET = 8.0;
				LD_RUNPATH_SEARCH_PATHS = "$(inherited) @executable_path/Frameworks";
				PRODUCT_BUNDLE_IDENTIFIER = com.artemkrachulov.AKMaskFieldExample;
				PRODUCT_NAME = "$(TARGET_NAME)";
				SWIFT_ACTIVE_COMPILATION_CONDITIONS = DEBUG;
				SWIFT_VERSION = 3.0;
			};
			name = Debug;
		};
		01959A271DF1BA7700C9E359 /* Release */ = {
			isa = XCBuildConfiguration;
			buildSettings = {
				ALWAYS_EMBED_SWIFT_STANDARD_LIBRARIES = YES;
				ASSETCATALOG_COMPILER_APPICON_NAME = AppIcon;
				CLANG_ANALYZER_NONNULL = YES;
				CLANG_WARN_DOCUMENTATION_COMMENTS = YES;
				CLANG_WARN_SUSPICIOUS_MOVES = YES;
				CODE_SIGN_IDENTITY = "iPhone Developer";
				"CODE_SIGN_IDENTITY[sdk=iphoneos*]" = "iPhone Developer";
				COPY_PHASE_STRIP = NO;
				DEBUG_INFORMATION_FORMAT = "dwarf-with-dsym";
				DEVELOPMENT_TEAM = "";
				INFOPLIST_FILE = AKMaskFieldExample/Info.plist;
				IPHONEOS_DEPLOYMENT_TARGET = 8.0;
				LD_RUNPATH_SEARCH_PATHS = "$(inherited) @executable_path/Frameworks";
				PRODUCT_BUNDLE_IDENTIFIER = com.artemkrachulov.AKMaskFieldExample;
				PRODUCT_NAME = "$(TARGET_NAME)";
				SWIFT_OPTIMIZATION_LEVEL = "-Owholemodule";
				SWIFT_VERSION = 3.0;
			};
			name = Release;
		};
		437113181A4B22EF00FF6252 /* Debug */ = {
			isa = XCBuildConfiguration;
			buildSettings = {
				ALWAYS_SEARCH_USER_PATHS = NO;
				CLANG_CXX_LANGUAGE_STANDARD = "gnu++0x";
				CLANG_CXX_LIBRARY = "libc++";
				CLANG_ENABLE_MODULES = YES;
				CLANG_ENABLE_OBJC_ARC = YES;
				CLANG_WARN_BOOL_CONVERSION = YES;
				CLANG_WARN_CONSTANT_CONVERSION = YES;
				CLANG_WARN_DIRECT_OBJC_ISA_USAGE = YES_ERROR;
				CLANG_WARN_EMPTY_BODY = YES;
				CLANG_WARN_ENUM_CONVERSION = YES;
				CLANG_WARN_INFINITE_RECURSION = YES;
				CLANG_WARN_INT_CONVERSION = YES;
				CLANG_WARN_OBJC_ROOT_CLASS = YES_ERROR;
				CLANG_WARN_SUSPICIOUS_MOVE = YES;
				CLANG_WARN_UNREACHABLE_CODE = YES;
				CLANG_WARN__DUPLICATE_METHOD_MATCH = YES;
				"CODE_SIGN_IDENTITY[sdk=iphoneos*]" = "iPhone Developer";
				COPY_PHASE_STRIP = NO;
				ENABLE_STRICT_OBJC_MSGSEND = YES;
				ENABLE_TESTABILITY = YES;
				GCC_C_LANGUAGE_STANDARD = gnu99;
				GCC_DYNAMIC_NO_PIC = NO;
				GCC_NO_COMMON_BLOCKS = YES;
				GCC_OPTIMIZATION_LEVEL = 0;
				GCC_PREPROCESSOR_DEFINITIONS = (
					"DEBUG=1",
					"$(inherited)",
				);
				GCC_SYMBOLS_PRIVATE_EXTERN = NO;
				GCC_WARN_64_TO_32_BIT_CONVERSION = YES;
				GCC_WARN_ABOUT_RETURN_TYPE = YES_ERROR;
				GCC_WARN_UNDECLARED_SELECTOR = YES;
				GCC_WARN_UNINITIALIZED_AUTOS = YES_AGGRESSIVE;
				GCC_WARN_UNUSED_FUNCTION = YES;
				GCC_WARN_UNUSED_VARIABLE = YES;
				IPHONEOS_DEPLOYMENT_TARGET = 8.1;
				MTL_ENABLE_DEBUG_INFO = YES;
				ONLY_ACTIVE_ARCH = YES;
				SDKROOT = iphoneos;
				SWIFT_OPTIMIZATION_LEVEL = "-Onone";
				TARGETED_DEVICE_FAMILY = "1,2";
			};
			name = Debug;
		};
		437113191A4B22EF00FF6252 /* Release */ = {
			isa = XCBuildConfiguration;
			buildSettings = {
				ALWAYS_SEARCH_USER_PATHS = NO;
				CLANG_CXX_LANGUAGE_STANDARD = "gnu++0x";
				CLANG_CXX_LIBRARY = "libc++";
				CLANG_ENABLE_MODULES = YES;
				CLANG_ENABLE_OBJC_ARC = YES;
				CLANG_WARN_BOOL_CONVERSION = YES;
				CLANG_WARN_CONSTANT_CONVERSION = YES;
				CLANG_WARN_DIRECT_OBJC_ISA_USAGE = YES_ERROR;
				CLANG_WARN_EMPTY_BODY = YES;
				CLANG_WARN_ENUM_CONVERSION = YES;
				CLANG_WARN_INFINITE_RECURSION = YES;
				CLANG_WARN_INT_CONVERSION = YES;
				CLANG_WARN_OBJC_ROOT_CLASS = YES_ERROR;
				CLANG_WARN_SUSPICIOUS_MOVE = YES;
				CLANG_WARN_UNREACHABLE_CODE = YES;
				CLANG_WARN__DUPLICATE_METHOD_MATCH = YES;
				"CODE_SIGN_IDENTITY[sdk=iphoneos*]" = "iPhone Developer";
				COPY_PHASE_STRIP = YES;
				ENABLE_NS_ASSERTIONS = NO;
				ENABLE_STRICT_OBJC_MSGSEND = YES;
				GCC_C_LANGUAGE_STANDARD = gnu99;
				GCC_NO_COMMON_BLOCKS = YES;
				GCC_WARN_64_TO_32_BIT_CONVERSION = YES;
				GCC_WARN_ABOUT_RETURN_TYPE = YES_ERROR;
				GCC_WARN_UNDECLARED_SELECTOR = YES;
				GCC_WARN_UNINITIALIZED_AUTOS = YES_AGGRESSIVE;
				GCC_WARN_UNUSED_FUNCTION = YES;
				GCC_WARN_UNUSED_VARIABLE = YES;
				IPHONEOS_DEPLOYMENT_TARGET = 8.1;
				MTL_ENABLE_DEBUG_INFO = NO;
				SDKROOT = iphoneos;
				TARGETED_DEVICE_FAMILY = "1,2";
				VALIDATE_PRODUCT = YES;
			};
			name = Release;
		};
/* End XCBuildConfiguration section */

/* Begin XCConfigurationList section */
		010F96131DF2BFB000321C94 /* Build configuration list for PBXNativeTarget "AKMaskField" */ = {
			isa = XCConfigurationList;
			buildConfigurations = (
				010F96141DF2BFB000321C94 /* Debug */,
				010F96151DF2BFB000321C94 /* Release */,
			);
			defaultConfigurationIsVisible = 0;
			defaultConfigurationName = Release;
		};
		01959A251DF1BA7700C9E359 /* Build configuration list for PBXNativeTarget "AKMaskFieldExample" */ = {
			isa = XCConfigurationList;
			buildConfigurations = (
				01959A261DF1BA7700C9E359 /* Debug */,
				01959A271DF1BA7700C9E359 /* Release */,
			);
			defaultConfigurationIsVisible = 0;
			defaultConfigurationName = Release;
		};
		437112F61A4B22EF00FF6252 /* Build configuration list for PBXProject "AKMaskField" */ = {
			isa = XCConfigurationList;
			buildConfigurations = (
				437113181A4B22EF00FF6252 /* Debug */,
				437113191A4B22EF00FF6252 /* Release */,
			);
			defaultConfigurationIsVisible = 0;
			defaultConfigurationName = Release;
		};
/* End XCConfigurationList section */
	};
	rootObject = 437112F31A4B22EF00FF6252 /* Project object */;
}
