// !$*UTF8*$!
{
	archiveVersion = 1;
	classes = {
	};
	objectVersion = 46;
	objects = {

/* Begin PBXBuildFile section */
		43058B151D0555E600D4526E /* AKMaskFieldPatternCharacter.swift in Sources */ = {isa = PBXBuildFile; fileRef = 43058B141D0555E600D4526E /* AKMaskFieldPatternCharacter.swift */; };
		432B2BCF1D76BE7600C5B10B /* AKMaskFieldStatus.swift in Sources */ = {isa = PBXBuildFile; fileRef = 432B2BCE1D76BE7600C5B10B /* AKMaskFieldStatus.swift */; };
		432B2BD11D76BE8000C5B10B /* AKMaskFieldEvent.swift in Sources */ = {isa = PBXBuildFile; fileRef = 432B2BD01D76BE8000C5B10B /* AKMaskFieldEvent.swift */; };
		437113011A4B22EF00FF6252 /* AppDelegate.swift in Sources */ = {isa = PBXBuildFile; fileRef = 437113001A4B22EF00FF6252 /* AppDelegate.swift */; };
		437113031A4B22EF00FF6252 /* ViewController.swift in Sources */ = {isa = PBXBuildFile; fileRef = 437113021A4B22EF00FF6252 /* ViewController.swift */; };
		437113061A4B22EF00FF6252 /* Main.storyboard in Resources */ = {isa = PBXBuildFile; fileRef = 437113041A4B22EF00FF6252 /* Main.storyboard */; };
		437113081A4B22EF00FF6252 /* Assets.xcassets in Resources */ = {isa = PBXBuildFile; fileRef = 437113071A4B22EF00FF6252 /* Assets.xcassets */; };
		4371130B1A4B22EF00FF6252 /* LaunchScreen.xib in Resources */ = {isa = PBXBuildFile; fileRef = 437113091A4B22EF00FF6252 /* LaunchScreen.xib */; };
		437129321A7786C500C4D494 /* fontawesome-webfont.eot in Resources */ = {isa = PBXBuildFile; fileRef = 4371292C1A7786C500C4D494 /* fontawesome-webfont.eot */; };
		437129331A7786C500C4D494 /* fontawesome-webfont.svg in Resources */ = {isa = PBXBuildFile; fileRef = 4371292D1A7786C500C4D494 /* fontawesome-webfont.svg */; };
		437129341A7786C500C4D494 /* fontawesome-webfont.ttf in Resources */ = {isa = PBXBuildFile; fileRef = 4371292E1A7786C500C4D494 /* fontawesome-webfont.ttf */; };
		437129351A7786C500C4D494 /* fontawesome-webfont.woff in Resources */ = {isa = PBXBuildFile; fileRef = 4371292F1A7786C500C4D494 /* fontawesome-webfont.woff */; };
		437129361A7786C500C4D494 /* fontawesome-webfont.woff2 in Resources */ = {isa = PBXBuildFile; fileRef = 437129301A7786C500C4D494 /* fontawesome-webfont.woff2 */; };
		437129371A7786C500C4D494 /* FontAwesome.otf in Resources */ = {isa = PBXBuildFile; fileRef = 437129311A7786C500C4D494 /* FontAwesome.otf */; };
		438DBF9C1D62EBC000881347 /* AKMaskField.swift in Sources */ = {isa = PBXBuildFile; fileRef = 438DBF9B1D62EBC000881347 /* AKMaskField.swift */; };
		439602031C9AE57A0060EC39 /* AKMaskFieldBlock.swift in Sources */ = {isa = PBXBuildFile; fileRef = 439601FD1C9AE57A0060EC39 /* AKMaskFieldBlock.swift */; };
		439602041C9AE57A0060EC39 /* AKMaskFieldBlockCharacter.swift in Sources */ = {isa = PBXBuildFile; fileRef = 439601FE1C9AE57A0060EC39 /* AKMaskFieldBlockCharacter.swift */; };
		43C751951D095F2B00DD49BE /* AKMaskFieldUtility.swift in Sources */ = {isa = PBXBuildFile; fileRef = 43C751941D095F2B00DD49BE /* AKMaskFieldUtility.swift */; };
		43DA02771C9D6299007932D5 /* DemoViewController.swift in Sources */ = {isa = PBXBuildFile; fileRef = 43DA02761C9D6299007932D5 /* DemoViewController.swift */; };
/* End PBXBuildFile section */

/* Begin PBXFileReference section */
		43058B141D0555E600D4526E /* AKMaskFieldPatternCharacter.swift */ = {isa = PBXFileReference; fileEncoding = 4; lastKnownFileType = sourcecode.swift; path = AKMaskFieldPatternCharacter.swift; sourceTree = "<group>"; };
		432B2BCE1D76BE7600C5B10B /* AKMaskFieldStatus.swift */ = {isa = PBXFileReference; fileEncoding = 4; lastKnownFileType = sourcecode.swift; path = AKMaskFieldStatus.swift; sourceTree = "<group>"; };
		432B2BD01D76BE8000C5B10B /* AKMaskFieldEvent.swift */ = {isa = PBXFileReference; fileEncoding = 4; lastKnownFileType = sourcecode.swift; path = AKMaskFieldEvent.swift; sourceTree = "<group>"; };
		437112FB1A4B22EF00FF6252 /* Demo.app */ = {isa = PBXFileReference; explicitFileType = wrapper.application; includeInIndex = 0; path = Demo.app; sourceTree = BUILT_PRODUCTS_DIR; };
		437112FF1A4B22EF00FF6252 /* Info.plist */ = {isa = PBXFileReference; lastKnownFileType = text.plist.xml; path = Info.plist; sourceTree = "<group>"; };
		437113001A4B22EF00FF6252 /* AppDelegate.swift */ = {isa = PBXFileReference; lastKnownFileType = sourcecode.swift; path = AppDelegate.swift; sourceTree = "<group>"; };
		437113021A4B22EF00FF6252 /* ViewController.swift */ = {isa = PBXFileReference; lastKnownFileType = sourcecode.swift; path = ViewController.swift; sourceTree = "<group>"; };
		437113051A4B22EF00FF6252 /* Base */ = {isa = PBXFileReference; lastKnownFileType = file.storyboard; name = Base; path = Base.lproj/Main.storyboard; sourceTree = "<group>"; };
		437113071A4B22EF00FF6252 /* Assets.xcassets */ = {isa = PBXFileReference; lastKnownFileType = folder.assetcatalog; path = Assets.xcassets; sourceTree = "<group>"; };
		4371130A1A4B22EF00FF6252 /* Base */ = {isa = PBXFileReference; lastKnownFileType = file.xib; name = Base; path = Base.lproj/LaunchScreen.xib; sourceTree = "<group>"; };
		4371292C1A7786C500C4D494 /* fontawesome-webfont.eot */ = {isa = PBXFileReference; lastKnownFileType = file; path = "fontawesome-webfont.eot"; sourceTree = "<group>"; };
		4371292D1A7786C500C4D494 /* fontawesome-webfont.svg */ = {isa = PBXFileReference; fileEncoding = 4; lastKnownFileType = text.xml; path = "fontawesome-webfont.svg"; sourceTree = "<group>"; };
		4371292E1A7786C500C4D494 /* fontawesome-webfont.ttf */ = {isa = PBXFileReference; lastKnownFileType = file; path = "fontawesome-webfont.ttf"; sourceTree = "<group>"; };
		4371292F1A7786C500C4D494 /* fontawesome-webfont.woff */ = {isa = PBXFileReference; lastKnownFileType = file; path = "fontawesome-webfont.woff"; sourceTree = "<group>"; };
		437129301A7786C500C4D494 /* fontawesome-webfont.woff2 */ = {isa = PBXFileReference; lastKnownFileType = file; path = "fontawesome-webfont.woff2"; sourceTree = "<group>"; };
		437129311A7786C500C4D494 /* FontAwesome.otf */ = {isa = PBXFileReference; lastKnownFileType = file; path = FontAwesome.otf; sourceTree = "<group>"; };
		438DBF9B1D62EBC000881347 /* AKMaskField.swift */ = {isa = PBXFileReference; fileEncoding = 4; lastKnownFileType = sourcecode.swift; path = AKMaskField.swift; sourceTree = "<group>"; };
		439601FD1C9AE57A0060EC39 /* AKMaskFieldBlock.swift */ = {isa = PBXFileReference; fileEncoding = 4; lastKnownFileType = sourcecode.swift; path = AKMaskFieldBlock.swift; sourceTree = "<group>"; };
		439601FE1C9AE57A0060EC39 /* AKMaskFieldBlockCharacter.swift */ = {isa = PBXFileReference; fileEncoding = 4; lastKnownFileType = sourcecode.swift; path = AKMaskFieldBlockCharacter.swift; sourceTree = "<group>"; };
		43C751941D095F2B00DD49BE /* AKMaskFieldUtility.swift */ = {isa = PBXFileReference; fileEncoding = 4; lastKnownFileType = sourcecode.swift; path = AKMaskFieldUtility.swift; sourceTree = "<group>"; };
		43DA02761C9D6299007932D5 /* DemoViewController.swift */ = {isa = PBXFileReference; fileEncoding = 4; lastKnownFileType = sourcecode.swift; path = DemoViewController.swift; sourceTree = "<group>"; };
/* End PBXFileReference section */

/* Begin PBXFrameworksBuildPhase section */
		437112F81A4B22EF00FF6252 /* Frameworks */ = {
			isa = PBXFrameworksBuildPhase;
			buildActionMask = 2147483647;
			files = (
			);
			runOnlyForDeploymentPostprocessing = 0;
		};
/* End PBXFrameworksBuildPhase section */

/* Begin PBXGroup section */
		432B2BCD1D76BE5A00C5B10B /* Constants */ = {
			isa = PBXGroup;
			children = (
				432B2BCE1D76BE7600C5B10B /* AKMaskFieldStatus.swift */,
				432B2BD01D76BE8000C5B10B /* AKMaskFieldEvent.swift */,
				43058B141D0555E600D4526E /* AKMaskFieldPatternCharacter.swift */,
			);
			name = Constants;
			sourceTree = "<group>";
		};
		432B2BD21D76C14000C5B10B /* Structures */ = {
			isa = PBXGroup;
			children = (
				439601FD1C9AE57A0060EC39 /* AKMaskFieldBlock.swift */,
				439601FE1C9AE57A0060EC39 /* AKMaskFieldBlockCharacter.swift */,
			);
			name = Structures;
			sourceTree = "<group>";
		};
		437112F21A4B22EF00FF6252 = {
			isa = PBXGroup;
			children = (
				439601FB1C9AE57A0060EC39 /* AKMaskField */,
				437112FD1A4B22EF00FF6252 /* Demo */,
				437112FC1A4B22EF00FF6252 /* Products */,
			);
			sourceTree = "<group>";
		};
		437112FC1A4B22EF00FF6252 /* Products */ = {
			isa = PBXGroup;
			children = (
				437112FB1A4B22EF00FF6252 /* Demo.app */,
			);
			name = Products;
			sourceTree = "<group>";
		};
		437112FD1A4B22EF00FF6252 /* Demo */ = {
			isa = PBXGroup;
			children = (
				437113001A4B22EF00FF6252 /* AppDelegate.swift */,
				437113041A4B22EF00FF6252 /* Main.storyboard */,
				437113021A4B22EF00FF6252 /* ViewController.swift */,
				43DA02761C9D6299007932D5 /* DemoViewController.swift */,
				437113071A4B22EF00FF6252 /* Assets.xcassets */,
				437112FF1A4B22EF00FF6252 /* Info.plist */,
				437113091A4B22EF00FF6252 /* LaunchScreen.xib */,
				4371292B1A7786C500C4D494 /* fonts */,
				437112FE1A4B22EF00FF6252 /* Supporting Files */,
			);
			path = Demo;
			sourceTree = "<group>";
		};
		437112FE1A4B22EF00FF6252 /* Supporting Files */ = {
			isa = PBXGroup;
			children = (
			);
			name = "Supporting Files";
			sourceTree = "<group>";
		};
		4371292B1A7786C500C4D494 /* fonts */ = {
			isa = PBXGroup;
			children = (
				4371292C1A7786C500C4D494 /* fontawesome-webfont.eot */,
				4371292D1A7786C500C4D494 /* fontawesome-webfont.svg */,
				4371292E1A7786C500C4D494 /* fontawesome-webfont.ttf */,
				4371292F1A7786C500C4D494 /* fontawesome-webfont.woff */,
				437129301A7786C500C4D494 /* fontawesome-webfont.woff2 */,
				437129311A7786C500C4D494 /* FontAwesome.otf */,
			);
			path = fonts;
			sourceTree = "<group>";
		};
		439601FB1C9AE57A0060EC39 /* AKMaskField */ = {
			isa = PBXGroup;
			children = (
				438DBF9B1D62EBC000881347 /* AKMaskField.swift */,
				432B2BD21D76C14000C5B10B /* Structures */,
				432B2BCD1D76BE5A00C5B10B /* Constants */,
				43C751931D095F0800DD49BE /* Utility */,
			);
			name = AKMaskField;
			path = ../AKMaskField;
			sourceTree = "<group>";
		};
		43C751931D095F0800DD49BE /* Utility */ = {
			isa = PBXGroup;
			children = (
				43C751941D095F2B00DD49BE /* AKMaskFieldUtility.swift */,
			);
			name = Utility;
			sourceTree = "<group>";
		};
/* End PBXGroup section */

/* Begin PBXNativeTarget section */
		437112FA1A4B22EF00FF6252 /* AKMaskField */ = {
			isa = PBXNativeTarget;
			buildConfigurationList = 4371131A1A4B22EF00FF6252 /* Build configuration list for PBXNativeTarget "AKMaskField" */;
			buildPhases = (
				437112F71A4B22EF00FF6252 /* Sources */,
				437112F81A4B22EF00FF6252 /* Frameworks */,
				437112F91A4B22EF00FF6252 /* Resources */,
			);
			buildRules = (
			);
			dependencies = (
			);
			name = AKMaskField;
			productName = AKTextFieldMask;
			productReference = 437112FB1A4B22EF00FF6252 /* Demo.app */;
			productType = "com.apple.product-type.application";
		};
/* End PBXNativeTarget section */

/* Begin PBXProject section */
		437112F31A4B22EF00FF6252 /* Project object */ = {
			isa = PBXProject;
			attributes = {
				LastSwiftMigration = 0700;
				LastSwiftUpdateCheck = 0730;
				LastUpgradeCheck = 0700;
				ORGANIZATIONNAME = "Artem Krachulov";
				TargetAttributes = {
					437112FA1A4B22EF00FF6252 = {
						CreatedOnToolsVersion = 6.1.1;
					};
				};
			};
			buildConfigurationList = 437112F61A4B22EF00FF6252 /* Build configuration list for PBXProject "Demo" */;
			compatibilityVersion = "Xcode 3.2";
			developmentRegion = English;
			hasScannedForEncodings = 0;
			knownRegions = (
				en,
				Base,
			);
			mainGroup = 437112F21A4B22EF00FF6252;
			productRefGroup = 437112FC1A4B22EF00FF6252 /* Products */;
			projectDirPath = "";
			projectRoot = "";
			targets = (
				437112FA1A4B22EF00FF6252 /* AKMaskField */,
			);
		};
/* End PBXProject section */

/* Begin PBXResourcesBuildPhase section */
		437112F91A4B22EF00FF6252 /* Resources */ = {
			isa = PBXResourcesBuildPhase;
			buildActionMask = 2147483647;
			files = (
				437113061A4B22EF00FF6252 /* Main.storyboard in Resources */,
				437129331A7786C500C4D494 /* fontawesome-webfont.svg in Resources */,
				4371130B1A4B22EF00FF6252 /* LaunchScreen.xib in Resources */,
				437129341A7786C500C4D494 /* fontawesome-webfont.ttf in Resources */,
				437113081A4B22EF00FF6252 /* Assets.xcassets in Resources */,
				437129371A7786C500C4D494 /* FontAwesome.otf in Resources */,
				437129361A7786C500C4D494 /* fontawesome-webfont.woff2 in Resources */,
				437129321A7786C500C4D494 /* fontawesome-webfont.eot in Resources */,
				437129351A7786C500C4D494 /* fontawesome-webfont.woff in Resources */,
			);
			runOnlyForDeploymentPostprocessing = 0;
		};
/* End PBXResourcesBuildPhase section */

/* Begin PBXSourcesBuildPhase section */
		437112F71A4B22EF00FF6252 /* Sources */ = {
			isa = PBXSourcesBuildPhase;
			buildActionMask = 2147483647;
			files = (
				43058B151D0555E600D4526E /* AKMaskFieldPatternCharacter.swift in Sources */,
				438DBF9C1D62EBC000881347 /* AKMaskField.swift in Sources */,
				432B2BCF1D76BE7600C5B10B /* AKMaskFieldStatus.swift in Sources */,
				432B2BD11D76BE8000C5B10B /* AKMaskFieldEvent.swift in Sources */,
				439602041C9AE57A0060EC39 /* AKMaskFieldBlockCharacter.swift in Sources */,
				43C751951D095F2B00DD49BE /* AKMaskFieldUtility.swift in Sources */,
				439602031C9AE57A0060EC39 /* AKMaskFieldBlock.swift in Sources */,
				437113031A4B22EF00FF6252 /* ViewController.swift in Sources */,
				43DA02771C9D6299007932D5 /* DemoViewController.swift in Sources */,
				437113011A4B22EF00FF6252 /* AppDelegate.swift in Sources */,
			);
			runOnlyForDeploymentPostprocessing = 0;
		};
/* End PBXSourcesBuildPhase section */

/* Begin PBXVariantGroup section */
		437113041A4B22EF00FF6252 /* Main.storyboard */ = {
			isa = PBXVariantGroup;
			children = (
				437113051A4B22EF00FF6252 /* Base */,
			);
			name = Main.storyboard;
			sourceTree = "<group>";
		};
		437113091A4B22EF00FF6252 /* LaunchScreen.xib */ = {
			isa = PBXVariantGroup;
			children = (
				4371130A1A4B22EF00FF6252 /* Base */,
			);
			name = LaunchScreen.xib;
			sourceTree = "<group>";
		};
/* End PBXVariantGroup section */

/* Begin XCBuildConfiguration section */
		437113181A4B22EF00FF6252 /* Debug */ = {
			isa = XCBuildConfiguration;
			buildSettings = {
				ALWAYS_SEARCH_USER_PATHS = NO;
				CLANG_CXX_LANGUAGE_STANDARD = "gnu++0x";
				CLANG_CXX_LIBRARY = "libc++";
				CLANG_ENABLE_MODULES = YES;
				CLANG_ENABLE_OBJC_ARC = YES;
				CLANG_WARN_BOOL_CONVERSION = YES;
				CLANG_WARN_CONSTANT_CONVERSION = YES;
				CLANG_WARN_DIRECT_OBJC_ISA_USAGE = YES_ERROR;
				CLANG_WARN_EMPTY_BODY = YES;
				CLANG_WARN_ENUM_CONVERSION = YES;
				CLANG_WARN_INT_CONVERSION = YES;
				CLANG_WARN_OBJC_ROOT_CLASS = YES_ERROR;
				CLANG_WARN_UNREACHABLE_CODE = YES;
				CLANG_WARN__DUPLICATE_METHOD_MATCH = YES;
				"CODE_SIGN_IDENTITY[sdk=iphoneos*]" = "iPhone Developer";
				COPY_PHASE_STRIP = NO;
				ENABLE_STRICT_OBJC_MSGSEND = YES;
				ENABLE_TESTABILITY = YES;
				GCC_C_LANGUAGE_STANDARD = gnu99;
				GCC_DYNAMIC_NO_PIC = NO;
				GCC_OPTIMIZATION_LEVEL = 0;
				GCC_PREPROCESSOR_DEFINITIONS = (
					"DEBUG=1",
					"$(inherited)",
				);
				GCC_SYMBOLS_PRIVATE_EXTERN = NO;
				GCC_WARN_64_TO_32_BIT_CONVERSION = YES;
				GCC_WARN_ABOUT_RETURN_TYPE = YES_ERROR;
				GCC_WARN_UNDECLARED_SELECTOR = YES;
				GCC_WARN_UNINITIALIZED_AUTOS = YES_AGGRESSIVE;
				GCC_WARN_UNUSED_FUNCTION = YES;
				GCC_WARN_UNUSED_VARIABLE = YES;
				IPHONEOS_DEPLOYMENT_TARGET = 8.1;
				MTL_ENABLE_DEBUG_INFO = YES;
				ONLY_ACTIVE_ARCH = YES;
				SDKROOT = iphoneos;
				SWIFT_OPTIMIZATION_LEVEL = "-Onone";
				TARGETED_DEVICE_FAMILY = "1,2";
			};
			name = Debug;
		};
		437113191A4B22EF00FF6252 /* Release */ = {
			isa = XCBuildConfiguration;
			buildSettings = {
				ALWAYS_SEARCH_USER_PATHS = NO;
				CLANG_CXX_LANGUAGE_STANDARD = "gnu++0x";
				CLANG_CXX_LIBRARY = "libc++";
				CLANG_ENABLE_MODULES = YES;
				CLANG_ENABLE_OBJC_ARC = YES;
				CLANG_WARN_BOOL_CONVERSION = YES;
				CLANG_WARN_CONSTANT_CONVERSION = YES;
				CLANG_WARN_DIRECT_OBJC_ISA_USAGE = YES_ERROR;
				CLANG_WARN_EMPTY_BODY = YES;
				CLANG_WARN_ENUM_CONVERSION = YES;
				CLANG_WARN_INT_CONVERSION = YES;
				CLANG_WARN_OBJC_ROOT_CLASS = YES_ERROR;
				CLANG_WARN_UNREACHABLE_CODE = YES;
				CLANG_WARN__DUPLICATE_METHOD_MATCH = YES;
				"CODE_SIGN_IDENTITY[sdk=iphoneos*]" = "iPhone Developer";
				COPY_PHASE_STRIP = YES;
				ENABLE_NS_ASSERTIONS = NO;
				ENABLE_STRICT_OBJC_MSGSEND = YES;
				GCC_C_LANGUAGE_STANDARD = gnu99;
				GCC_WARN_64_TO_32_BIT_CONVERSION = YES;
				GCC_WARN_ABOUT_RETURN_TYPE = YES_ERROR;
				GCC_WARN_UNDECLARED_SELECTOR = YES;
				GCC_WARN_UNINITIALIZED_AUTOS = YES_AGGRESSIVE;
				GCC_WARN_UNUSED_FUNCTION = YES;
				GCC_WARN_UNUSED_VARIABLE = YES;
				IPHONEOS_DEPLOYMENT_TARGET = 8.1;
				MTL_ENABLE_DEBUG_INFO = NO;
				SDKROOT = iphoneos;
				TARGETED_DEVICE_FAMILY = "1,2";
				VALIDATE_PRODUCT = YES;
			};
			name = Release;
		};
		4371131B1A4B22EF00FF6252 /* Debug */ = {
			isa = XCBuildConfiguration;
			buildSettings = {
				ASSETCATALOG_COMPILER_APPICON_NAME = AppIcon;
				CODE_SIGN_IDENTITY = "iPhone Developer";
				"CODE_SIGN_IDENTITY[sdk=iphoneos*]" = "iPhone Developer";
				INFOPLIST_FILE = "$(SRCROOT)/Demo/Info.plist";
				IPHONEOS_DEPLOYMENT_TARGET = 8.0;
				LD_RUNPATH_SEARCH_PATHS = "$(inherited) @executable_path/Frameworks";
				OTHER_SWIFT_FLAGS = "-D AKMaskFieldDEBUG";
				PRODUCT_BUNDLE_IDENTIFIER = artem.krachulov.AKMaskField;
				PRODUCT_NAME = Demo;
				PROVISIONING_PROFILE = "";
				TARGETED_DEVICE_FAMILY = 1;
			};
			name = Debug;
		};
		4371131C1A4B22EF00FF6252 /* Release */ = {
			isa = XCBuildConfiguration;
			buildSettings = {
				ASSETCATALOG_COMPILER_APPICON_NAME = AppIcon;
				CODE_SIGN_IDENTITY = "iPhone Developer";
				"CODE_SIGN_IDENTITY[sdk=iphoneos*]" = "iPhone Developer";
				INFOPLIST_FILE = "$(SRCROOT)/Demo/Info.plist";
				IPHONEOS_DEPLOYMENT_TARGET = 8.0;
				LD_RUNPATH_SEARCH_PATHS = "$(inherited) @executable_path/Frameworks";
				PRODUCT_BUNDLE_IDENTIFIER = artem.krachulov.AKMaskField;
				PRODUCT_NAME = Demo;
				PROVISIONING_PROFILE = "";
				SWIFT_OPTIMIZATION_LEVEL = "-Onone";
				TARGETED_DEVICE_FAMILY = 1;
			};
			name = Release;
		};
/* End XCBuildConfiguration section */

/* Begin XCConfigurationList section */
		437112F61A4B22EF00FF6252 /* Build configuration list for PBXProject "Demo" */ = {
			isa = XCConfigurationList;
			buildConfigurations = (
				437113181A4B22EF00FF6252 /* Debug */,
				437113191A4B22EF00FF6252 /* Release */,
			);
			defaultConfigurationIsVisible = 0;
			defaultConfigurationName = Release;
		};
		4371131A1A4B22EF00FF6252 /* Build configuration list for PBXNativeTarget "AKMaskField" */ = {
			isa = XCConfigurationList;
			buildConfigurations = (
				4371131B1A4B22EF00FF6252 /* Debug */,
				4371131C1A4B22EF00FF6252 /* Release */,
			);
			defaultConfigurationIsVisible = 0;
			defaultConfigurationName = Release;
		};
/* End XCConfigurationList section */
	};
	rootObject = 437112F31A4B22EF00FF6252 /* Project object */;
}
